
Microsoft Visual Studio Solution File, Format Version 12.00
# Visual Studio Version 17
VisualStudioVersion = 17.5.33627.172
MinimumVisualStudioVersion = 10.0.40219.1
Project("{FAE04EC0-301F-11D3-BF4B-00C04F79EFBC}") = "WebApplication2", "WebApplication2.csproj", "{6395BC69-6591-4EA9-9852-F6DAC4491E12}"
EndProject
Global
	GlobalSection(SolutionConfigurationPlatforms) = preSolution
		Debug|Any CPU = Debug|Any CPU
		Release|Any CPU = Release|Any CPU
	EndGlobalSection
	GlobalSection(ProjectConfigurationPlatforms) = postSolution
		{6395BC69-6591-4EA9-9852-F6DAC4491E12}.Debug|Any CPU.ActiveCfg = Debug|Any CPU
		{6395BC69-6591-4EA9-9852-F6DAC4491E12}.Debug|Any CPU.Build.0 = Debug|Any CPU
		{6395BC69-6591-4EA9-9852-F6DAC4491E12}.Release|Any CPU.ActiveCfg = Release|Any CPU
		{6395BC69-6591-4EA9-9852-F6DAC4491E12}.Release|Any CPU.Build.0 = Release|Any CPU
	EndGlobalSection
	GlobalSection(SolutionProperties) = preSolution
		HideSolutionNode = FALSE
	EndGlobalSection
	GlobalSection(ExtensibilityGlobals) = postSolution
		SolutionGuid = {3B235AD0-9FAB-4A3D-BE65-00FA28A3E15E}
	EndGlobalSection
EndGlobal
